
Microsoft Visual Studio Solution File, Format Version 12.00
# Visual Studio Version 16
VisualStudioVersion = 16.0.30114.105
MinimumVisualStudioVersion = 10.0.40219.1
Project("{FAE04EC0-301F-11D3-BF4B-00C04F79EFBC}") = "TbspRpgApi", "TbspRpgApi\TbspRpgApi.csproj", "{D82D1226-9558-4A24-AA30-40D6A9F542F7}"
EndProject
Project("{FAE04EC0-301F-11D3-BF4B-00C04F79EFBC}") = "TbspRpgApi.Tests", "TbspRpgApi.Tests\TbspRpgApi.Tests.csproj", "{DD8D3901-3BB6-499D-8C98-5F82B053E08A}"
EndProject
Project("{FAE04EC0-301F-11D3-BF4B-00C04F79EFBC}") = "TbspRpgDataLayer", "TbspRpgDataLayer\TbspRpgDataLayer.csproj", "{6D39E624-6E03-467C-8E9D-9E78663FA439}"
EndProject
Project("{FAE04EC0-301F-11D3-BF4B-00C04F79EFBC}") = "TbspRpgDataLayer.Tests", "TbspRpgDataLayer.Tests\TbspRpgDataLayer.Tests.csproj", "{12B3F1A7-D68E-4265-8032-97CB512491BA}"
EndProject
Project("{FAE04EC0-301F-11D3-BF4B-00C04F79EFBC}") = "TbspRpgProcessor", "TbspRpgProcessor\TbspRpgProcessor.csproj", "{28DA71CA-1C6A-4799-A404-B44600410728}"
EndProject
Project("{FAE04EC0-301F-11D3-BF4B-00C04F79EFBC}") = "TbspRpgProcessor.Tests", "TbspRpgProcessor.Tests\TbspRpgProcessor.Tests.csproj", "{56590FF9-BE1D-40DD-8BA6-71A35688E36E}"
EndProject
Project("{FAE04EC0-301F-11D3-BF4B-00C04F79EFBC}") = "TbspRpgSettings", "TbspRpgSettings\TbspRpgSettings.csproj", "{4CD202D7-2AE6-43F0-AE85-2342FF18E77A}"
EndProject
Project("{FAE04EC0-301F-11D3-BF4B-00C04F79EFBC}") = "TbspRpgDatabaseSetup", "TbspRpgDatabaseSetup\TbspRpgDatabaseSetup.csproj", "{92AA7A2F-732C-4934-8AFB-482E5CA6EFBB}"
EndProject
Global
	GlobalSection(SolutionConfigurationPlatforms) = preSolution
		Debug|Any CPU = Debug|Any CPU
		Debug|x64 = Debug|x64
		Debug|x86 = Debug|x86
		Release|Any CPU = Release|Any CPU
		Release|x64 = Release|x64
		Release|x86 = Release|x86
	EndGlobalSection
	GlobalSection(SolutionProperties) = preSolution
		HideSolutionNode = FALSE
	EndGlobalSection
	GlobalSection(ProjectConfigurationPlatforms) = postSolution
		{D82D1226-9558-4A24-AA30-40D6A9F542F7}.Debug|Any CPU.ActiveCfg = Debug|Any CPU
		{D82D1226-9558-4A24-AA30-40D6A9F542F7}.Debug|Any CPU.Build.0 = Debug|Any CPU
		{D82D1226-9558-4A24-AA30-40D6A9F542F7}.Debug|x64.ActiveCfg = Debug|Any CPU
		{D82D1226-9558-4A24-AA30-40D6A9F542F7}.Debug|x64.Build.0 = Debug|Any CPU
		{D82D1226-9558-4A24-AA30-40D6A9F542F7}.Debug|x86.ActiveCfg = Debug|Any CPU
		{D82D1226-9558-4A24-AA30-40D6A9F542F7}.Debug|x86.Build.0 = Debug|Any CPU
		{D82D1226-9558-4A24-AA30-40D6A9F542F7}.Release|Any CPU.ActiveCfg = Release|Any CPU
		{D82D1226-9558-4A24-AA30-40D6A9F542F7}.Release|Any CPU.Build.0 = Release|Any CPU
		{D82D1226-9558-4A24-AA30-40D6A9F542F7}.Release|x64.ActiveCfg = Release|Any CPU
		{D82D1226-9558-4A24-AA30-40D6A9F542F7}.Release|x64.Build.0 = Release|Any CPU
		{D82D1226-9558-4A24-AA30-40D6A9F542F7}.Release|x86.ActiveCfg = Release|Any CPU
		{D82D1226-9558-4A24-AA30-40D6A9F542F7}.Release|x86.Build.0 = Release|Any CPU
		{DD8D3901-3BB6-499D-8C98-5F82B053E08A}.Debug|Any CPU.ActiveCfg = Debug|Any CPU
		{DD8D3901-3BB6-499D-8C98-5F82B053E08A}.Debug|Any CPU.Build.0 = Debug|Any CPU
		{DD8D3901-3BB6-499D-8C98-5F82B053E08A}.Debug|x64.ActiveCfg = Debug|Any CPU
		{DD8D3901-3BB6-499D-8C98-5F82B053E08A}.Debug|x64.Build.0 = Debug|Any CPU
		{DD8D3901-3BB6-499D-8C98-5F82B053E08A}.Debug|x86.ActiveCfg = Debug|Any CPU
		{DD8D3901-3BB6-499D-8C98-5F82B053E08A}.Debug|x86.Build.0 = Debug|Any CPU
		{DD8D3901-3BB6-499D-8C98-5F82B053E08A}.Release|Any CPU.ActiveCfg = Release|Any CPU
		{DD8D3901-3BB6-499D-8C98-5F82B053E08A}.Release|Any CPU.Build.0 = Release|Any CPU
		{DD8D3901-3BB6-499D-8C98-5F82B053E08A}.Release|x64.ActiveCfg = Release|Any CPU
		{DD8D3901-3BB6-499D-8C98-5F82B053E08A}.Release|x64.Build.0 = Release|Any CPU
		{DD8D3901-3BB6-499D-8C98-5F82B053E08A}.Release|x86.ActiveCfg = Release|Any CPU
		{DD8D3901-3BB6-499D-8C98-5F82B053E08A}.Release|x86.Build.0 = Release|Any CPU
		{6D39E624-6E03-467C-8E9D-9E78663FA439}.Debug|Any CPU.ActiveCfg = Debug|Any CPU
		{6D39E624-6E03-467C-8E9D-9E78663FA439}.Debug|Any CPU.Build.0 = Debug|Any CPU
		{6D39E624-6E03-467C-8E9D-9E78663FA439}.Debug|x64.ActiveCfg = Debug|Any CPU
		{6D39E624-6E03-467C-8E9D-9E78663FA439}.Debug|x64.Build.0 = Debug|Any CPU
		{6D39E624-6E03-467C-8E9D-9E78663FA439}.Debug|x86.ActiveCfg = Debug|Any CPU
		{6D39E624-6E03-467C-8E9D-9E78663FA439}.Debug|x86.Build.0 = Debug|Any CPU
		{6D39E624-6E03-467C-8E9D-9E78663FA439}.Release|Any CPU.ActiveCfg = Release|Any CPU
		{6D39E624-6E03-467C-8E9D-9E78663FA439}.Release|Any CPU.Build.0 = Release|Any CPU
		{6D39E624-6E03-467C-8E9D-9E78663FA439}.Release|x64.ActiveCfg = Release|Any CPU
		{6D39E624-6E03-467C-8E9D-9E78663FA439}.Release|x64.Build.0 = Release|Any CPU
		{6D39E624-6E03-467C-8E9D-9E78663FA439}.Release|x86.ActiveCfg = Release|Any CPU
		{6D39E624-6E03-467C-8E9D-9E78663FA439}.Release|x86.Build.0 = Release|Any CPU
		{12B3F1A7-D68E-4265-8032-97CB512491BA}.Debug|Any CPU.ActiveCfg = Debug|Any CPU
		{12B3F1A7-D68E-4265-8032-97CB512491BA}.Debug|Any CPU.Build.0 = Debug|Any CPU
		{12B3F1A7-D68E-4265-8032-97CB512491BA}.Debug|x64.ActiveCfg = Debug|Any CPU
		{12B3F1A7-D68E-4265-8032-97CB512491BA}.Debug|x64.Build.0 = Debug|Any CPU
		{12B3F1A7-D68E-4265-8032-97CB512491BA}.Debug|x86.ActiveCfg = Debug|Any CPU
		{12B3F1A7-D68E-4265-8032-97CB512491BA}.Debug|x86.Build.0 = Debug|Any CPU
		{12B3F1A7-D68E-4265-8032-97CB512491BA}.Release|Any CPU.ActiveCfg = Release|Any CPU
		{12B3F1A7-D68E-4265-8032-97CB512491BA}.Release|Any CPU.Build.0 = Release|Any CPU
		{12B3F1A7-D68E-4265-8032-97CB512491BA}.Release|x64.ActiveCfg = Release|Any CPU
		{12B3F1A7-D68E-4265-8032-97CB512491BA}.Release|x64.Build.0 = Release|Any CPU
		{12B3F1A7-D68E-4265-8032-97CB512491BA}.Release|x86.ActiveCfg = Release|Any CPU
		{12B3F1A7-D68E-4265-8032-97CB512491BA}.Release|x86.Build.0 = Release|Any CPU
		{28DA71CA-1C6A-4799-A404-B44600410728}.Debug|Any CPU.ActiveCfg = Debug|Any CPU
		{28DA71CA-1C6A-4799-A404-B44600410728}.Debug|Any CPU.Build.0 = Debug|Any CPU
		{28DA71CA-1C6A-4799-A404-B44600410728}.Debug|x64.ActiveCfg = Debug|Any CPU
		{28DA71CA-1C6A-4799-A404-B44600410728}.Debug|x64.Build.0 = Debug|Any CPU
		{28DA71CA-1C6A-4799-A404-B44600410728}.Debug|x86.ActiveCfg = Debug|Any CPU
		{28DA71CA-1C6A-4799-A404-B44600410728}.Debug|x86.Build.0 = Debug|Any CPU
		{28DA71CA-1C6A-4799-A404-B44600410728}.Release|Any CPU.ActiveCfg = Release|Any CPU
		{28DA71CA-1C6A-4799-A404-B44600410728}.Release|Any CPU.Build.0 = Release|Any CPU
		{28DA71CA-1C6A-4799-A404-B44600410728}.Release|x64.ActiveCfg = Release|Any CPU
		{28DA71CA-1C6A-4799-A404-B44600410728}.Release|x64.Build.0 = Release|Any CPU
		{28DA71CA-1C6A-4799-A404-B44600410728}.Release|x86.ActiveCfg = Release|Any CPU
		{28DA71CA-1C6A-4799-A404-B44600410728}.Release|x86.Build.0 = Release|Any CPU
		{56590FF9-BE1D-40DD-8BA6-71A35688E36E}.Debug|Any CPU.ActiveCfg = Debug|Any CPU
		{56590FF9-BE1D-40DD-8BA6-71A35688E36E}.Debug|Any CPU.Build.0 = Debug|Any CPU
		{56590FF9-BE1D-40DD-8BA6-71A35688E36E}.Debug|x64.ActiveCfg = Debug|Any CPU
		{56590FF9-BE1D-40DD-8BA6-71A35688E36E}.Debug|x64.Build.0 = Debug|Any CPU
		{56590FF9-BE1D-40DD-8BA6-71A35688E36E}.Debug|x86.ActiveCfg = Debug|Any CPU
		{56590FF9-BE1D-40DD-8BA6-71A35688E36E}.Debug|x86.Build.0 = Debug|Any CPU
		{56590FF9-BE1D-40DD-8BA6-71A35688E36E}.Release|Any CPU.ActiveCfg = Release|Any CPU
		{56590FF9-BE1D-40DD-8BA6-71A35688E36E}.Release|Any CPU.Build.0 = Release|Any CPU
		{56590FF9-BE1D-40DD-8BA6-71A35688E36E}.Release|x64.ActiveCfg = Release|Any CPU
		{56590FF9-BE1D-40DD-8BA6-71A35688E36E}.Release|x64.Build.0 = Release|Any CPU
		{56590FF9-BE1D-40DD-8BA6-71A35688E36E}.Release|x86.ActiveCfg = Release|Any CPU
		{56590FF9-BE1D-40DD-8BA6-71A35688E36E}.Release|x86.Build.0 = Release|Any CPU
		{4CD202D7-2AE6-43F0-AE85-2342FF18E77A}.Debug|Any CPU.ActiveCfg = Debug|Any CPU
		{4CD202D7-2AE6-43F0-AE85-2342FF18E77A}.Debug|Any CPU.Build.0 = Debug|Any CPU
		{4CD202D7-2AE6-43F0-AE85-2342FF18E77A}.Debug|x64.ActiveCfg = Debug|Any CPU
		{4CD202D7-2AE6-43F0-AE85-2342FF18E77A}.Debug|x64.Build.0 = Debug|Any CPU
		{4CD202D7-2AE6-43F0-AE85-2342FF18E77A}.Debug|x86.ActiveCfg = Debug|Any CPU
		{4CD202D7-2AE6-43F0-AE85-2342FF18E77A}.Debug|x86.Build.0 = Debug|Any CPU
		{4CD202D7-2AE6-43F0-AE85-2342FF18E77A}.Release|Any CPU.ActiveCfg = Release|Any CPU
		{4CD202D7-2AE6-43F0-AE85-2342FF18E77A}.Release|Any CPU.Build.0 = Release|Any CPU
		{4CD202D7-2AE6-43F0-AE85-2342FF18E77A}.Release|x64.ActiveCfg = Release|Any CPU
		{4CD202D7-2AE6-43F0-AE85-2342FF18E77A}.Release|x64.Build.0 = Release|Any CPU
		{4CD202D7-2AE6-43F0-AE85-2342FF18E77A}.Release|x86.ActiveCfg = Release|Any CPU
		{4CD202D7-2AE6-43F0-AE85-2342FF18E77A}.Release|x86.Build.0 = Release|Any CPU
		{92AA7A2F-732C-4934-8AFB-482E5CA6EFBB}.Debug|Any CPU.ActiveCfg = Debug|Any CPU
		{92AA7A2F-732C-4934-8AFB-482E5CA6EFBB}.Debug|Any CPU.Build.0 = Debug|Any CPU
		{92AA7A2F-732C-4934-8AFB-482E5CA6EFBB}.Debug|x64.ActiveCfg = Debug|Any CPU
		{92AA7A2F-732C-4934-8AFB-482E5CA6EFBB}.Debug|x64.Build.0 = Debug|Any CPU
		{92AA7A2F-732C-4934-8AFB-482E5CA6EFBB}.Debug|x86.ActiveCfg = Debug|Any CPU
		{92AA7A2F-732C-4934-8AFB-482E5CA6EFBB}.Debug|x86.Build.0 = Debug|Any CPU
		{92AA7A2F-732C-4934-8AFB-482E5CA6EFBB}.Release|Any CPU.ActiveCfg = Release|Any CPU
		{92AA7A2F-732C-4934-8AFB-482E5CA6EFBB}.Release|Any CPU.Build.0 = Release|Any CPU
		{92AA7A2F-732C-4934-8AFB-482E5CA6EFBB}.Release|x64.ActiveCfg = Release|Any CPU
		{92AA7A2F-732C-4934-8AFB-482E5CA6EFBB}.Release|x64.Build.0 = Release|Any CPU
		{92AA7A2F-732C-4934-8AFB-482E5CA6EFBB}.Release|x86.ActiveCfg = Release|Any CPU
		{92AA7A2F-732C-4934-8AFB-482E5CA6EFBB}.Release|x86.Build.0 = Release|Any CPU
	EndGlobalSection
EndGlobal
